
Microsoft Visual Studio Solution File, Format Version 12.00
# Visual Studio 14
VisualStudioVersion = 14.0.25420.1
MinimumVisualStudioVersion = 10.0.40219.1
Project("{FAE04EC0-301F-11D3-BF4B-00C04F79EFBC}") = "EjemploXamarinForms", "EjemploXamarinForms\EjemploXamarinForms\EjemploXamarinForms.csproj", "{00893B3F-F15B-4B8E-B9FD-D8979B8F6006}"
EndProject
Project("{FAE04EC0-301F-11D3-BF4B-00C04F79EFBC}") = "EjemploXamarinForms.Droid", "EjemploXamarinForms\EjemploXamarinForms.Droid\EjemploXamarinForms.Droid.csproj", "{CDE753B8-D8F5-4D5C-AF16-94D4A197DE4D}"
EndProject
Project("{FAE04EC0-301F-11D3-BF4B-00C04F79EFBC}") = "EjemploXamarinForms.iOS", "EjemploXamarinForms\EjemploXamarinForms.iOS\EjemploXamarinForms.iOS.csproj", "{7B07212D-D4CB-405C-9877-9244B3F16372}"
EndProject
Project("{FAE04EC0-301F-11D3-BF4B-00C04F79EFBC}") = "EjemploXamarinForms.WinPhone", "EjemploXamarinForms\EjemploXamarinForms.WinPhone\EjemploXamarinForms.WinPhone.csproj", "{7FC133EC-ED5C-4AA3-82A3-2F7ED0A96C8B}"
EndProject
Project("{FAE04EC0-301F-11D3-BF4B-00C04F79EFBC}") = "EjemploXamarinForms.Windows", "EjemploXamarinForms\EjemploXamarinForms.Windows\EjemploXamarinForms.Windows.csproj", "{FBF2AB4D-FE7C-43F2-8119-DB9E16EC2CE3}"
EndProject
Project("{FAE04EC0-301F-11D3-BF4B-00C04F79EFBC}") = "DAL", "DAL\DAL.csproj", "{67F9D3A8-F71E-4428-913F-C37AE82CDB24}"
EndProject
Project("{FAE04EC0-301F-11D3-BF4B-00C04F79EFBC}") = "BLL", "BLL\BLL.csproj", "{832C219D-E714-4C36-B1BC-2935A6475495}"
EndProject
Project("{FAE04EC0-301F-11D3-BF4B-00C04F79EFBC}") = "BE", "BE\BE.csproj", "{F4B11CA0-65EB-4E09-8F3A-04CD4635AD86}"
EndProject
Global
	GlobalSection(SolutionConfigurationPlatforms) = preSolution
		Ad-Hoc|Any CPU = Ad-Hoc|Any CPU
		Ad-Hoc|ARM = Ad-Hoc|ARM
		Ad-Hoc|iPhone = Ad-Hoc|iPhone
		Ad-Hoc|iPhoneSimulator = Ad-Hoc|iPhoneSimulator
		Ad-Hoc|x64 = Ad-Hoc|x64
		Ad-Hoc|x86 = Ad-Hoc|x86
		AppStore|Any CPU = AppStore|Any CPU
		AppStore|ARM = AppStore|ARM
		AppStore|iPhone = AppStore|iPhone
		AppStore|iPhoneSimulator = AppStore|iPhoneSimulator
		AppStore|x64 = AppStore|x64
		AppStore|x86 = AppStore|x86
		Debug|Any CPU = Debug|Any CPU
		Debug|ARM = Debug|ARM
		Debug|iPhone = Debug|iPhone
		Debug|iPhoneSimulator = Debug|iPhoneSimulator
		Debug|x64 = Debug|x64
		Debug|x86 = Debug|x86
		Release|Any CPU = Release|Any CPU
		Release|ARM = Release|ARM
		Release|iPhone = Release|iPhone
		Release|iPhoneSimulator = Release|iPhoneSimulator
		Release|x64 = Release|x64
		Release|x86 = Release|x86
	EndGlobalSection
	GlobalSection(ProjectConfigurationPlatforms) = postSolution
		{00893B3F-F15B-4B8E-B9FD-D8979B8F6006}.Ad-Hoc|Any CPU.ActiveCfg = Release|Any CPU
		{00893B3F-F15B-4B8E-B9FD-D8979B8F6006}.Ad-Hoc|Any CPU.Build.0 = Release|Any CPU
		{00893B3F-F15B-4B8E-B9FD-D8979B8F6006}.Ad-Hoc|ARM.ActiveCfg = Release|Any CPU
		{00893B3F-F15B-4B8E-B9FD-D8979B8F6006}.Ad-Hoc|ARM.Build.0 = Release|Any CPU
		{00893B3F-F15B-4B8E-B9FD-D8979B8F6006}.Ad-Hoc|iPhone.ActiveCfg = Release|Any CPU
		{00893B3F-F15B-4B8E-B9FD-D8979B8F6006}.Ad-Hoc|iPhone.Build.0 = Release|Any CPU
		{00893B3F-F15B-4B8E-B9FD-D8979B8F6006}.Ad-Hoc|iPhoneSimulator.ActiveCfg = Release|Any CPU
		{00893B3F-F15B-4B8E-B9FD-D8979B8F6006}.Ad-Hoc|iPhoneSimulator.Build.0 = Release|Any CPU
		{00893B3F-F15B-4B8E-B9FD-D8979B8F6006}.Ad-Hoc|x64.ActiveCfg = Release|Any CPU
		{00893B3F-F15B-4B8E-B9FD-D8979B8F6006}.Ad-Hoc|x64.Build.0 = Release|Any CPU
		{00893B3F-F15B-4B8E-B9FD-D8979B8F6006}.Ad-Hoc|x86.ActiveCfg = Release|Any CPU
		{00893B3F-F15B-4B8E-B9FD-D8979B8F6006}.Ad-Hoc|x86.Build.0 = Release|Any CPU
		{00893B3F-F15B-4B8E-B9FD-D8979B8F6006}.AppStore|Any CPU.ActiveCfg = Release|Any CPU
		{00893B3F-F15B-4B8E-B9FD-D8979B8F6006}.AppStore|Any CPU.Build.0 = Release|Any CPU
		{00893B3F-F15B-4B8E-B9FD-D8979B8F6006}.AppStore|ARM.ActiveCfg = Release|Any CPU
		{00893B3F-F15B-4B8E-B9FD-D8979B8F6006}.AppStore|ARM.Build.0 = Release|Any CPU
		{00893B3F-F15B-4B8E-B9FD-D8979B8F6006}.AppStore|iPhone.ActiveCfg = Release|Any CPU
		{00893B3F-F15B-4B8E-B9FD-D8979B8F6006}.AppStore|iPhone.Build.0 = Release|Any CPU
		{00893B3F-F15B-4B8E-B9FD-D8979B8F6006}.AppStore|iPhoneSimulator.ActiveCfg = Release|Any CPU
		{00893B3F-F15B-4B8E-B9FD-D8979B8F6006}.AppStore|iPhoneSimulator.Build.0 = Release|Any CPU
		{00893B3F-F15B-4B8E-B9FD-D8979B8F6006}.AppStore|x64.ActiveCfg = Release|Any CPU
		{00893B3F-F15B-4B8E-B9FD-D8979B8F6006}.AppStore|x64.Build.0 = Release|Any CPU
		{00893B3F-F15B-4B8E-B9FD-D8979B8F6006}.AppStore|x86.ActiveCfg = Release|Any CPU
		{00893B3F-F15B-4B8E-B9FD-D8979B8F6006}.AppStore|x86.Build.0 = Release|Any CPU
		{00893B3F-F15B-4B8E-B9FD-D8979B8F6006}.Debug|Any CPU.ActiveCfg = Debug|Any CPU
		{00893B3F-F15B-4B8E-B9FD-D8979B8F6006}.Debug|Any CPU.Build.0 = Debug|Any CPU
		{00893B3F-F15B-4B8E-B9FD-D8979B8F6006}.Debug|ARM.ActiveCfg = Debug|Any CPU
		{00893B3F-F15B-4B8E-B9FD-D8979B8F6006}.Debug|ARM.Build.0 = Debug|Any CPU
		{00893B3F-F15B-4B8E-B9FD-D8979B8F6006}.Debug|iPhone.ActiveCfg = Debug|Any CPU
		{00893B3F-F15B-4B8E-B9FD-D8979B8F6006}.Debug|iPhone.Build.0 = Debug|Any CPU
		{00893B3F-F15B-4B8E-B9FD-D8979B8F6006}.Debug|iPhoneSimulator.ActiveCfg = Debug|Any CPU
		{00893B3F-F15B-4B8E-B9FD-D8979B8F6006}.Debug|iPhoneSimulator.Build.0 = Debug|Any CPU
		{00893B3F-F15B-4B8E-B9FD-D8979B8F6006}.Debug|x64.ActiveCfg = Debug|Any CPU
		{00893B3F-F15B-4B8E-B9FD-D8979B8F6006}.Debug|x64.Build.0 = Debug|Any CPU
		{00893B3F-F15B-4B8E-B9FD-D8979B8F6006}.Debug|x86.ActiveCfg = Debug|Any CPU
		{00893B3F-F15B-4B8E-B9FD-D8979B8F6006}.Debug|x86.Build.0 = Debug|Any CPU
		{00893B3F-F15B-4B8E-B9FD-D8979B8F6006}.Release|Any CPU.ActiveCfg = Release|Any CPU
		{00893B3F-F15B-4B8E-B9FD-D8979B8F6006}.Release|Any CPU.Build.0 = Release|Any CPU
		{00893B3F-F15B-4B8E-B9FD-D8979B8F6006}.Release|ARM.ActiveCfg = Release|Any CPU
		{00893B3F-F15B-4B8E-B9FD-D8979B8F6006}.Release|ARM.Build.0 = Release|Any CPU
		{00893B3F-F15B-4B8E-B9FD-D8979B8F6006}.Release|iPhone.ActiveCfg = Release|Any CPU
		{00893B3F-F15B-4B8E-B9FD-D8979B8F6006}.Release|iPhone.Build.0 = Release|Any CPU
		{00893B3F-F15B-4B8E-B9FD-D8979B8F6006}.Release|iPhoneSimulator.ActiveCfg = Release|Any CPU
		{00893B3F-F15B-4B8E-B9FD-D8979B8F6006}.Release|iPhoneSimulator.Build.0 = Release|Any CPU
		{00893B3F-F15B-4B8E-B9FD-D8979B8F6006}.Release|x64.ActiveCfg = Release|Any CPU
		{00893B3F-F15B-4B8E-B9FD-D8979B8F6006}.Release|x64.Build.0 = Release|Any CPU
		{00893B3F-F15B-4B8E-B9FD-D8979B8F6006}.Release|x86.ActiveCfg = Release|Any CPU
		{00893B3F-F15B-4B8E-B9FD-D8979B8F6006}.Release|x86.Build.0 = Release|Any CPU
		{CDE753B8-D8F5-4D5C-AF16-94D4A197DE4D}.Ad-Hoc|Any CPU.ActiveCfg = Release|Any CPU
		{CDE753B8-D8F5-4D5C-AF16-94D4A197DE4D}.Ad-Hoc|Any CPU.Build.0 = Release|Any CPU
		{CDE753B8-D8F5-4D5C-AF16-94D4A197DE4D}.Ad-Hoc|Any CPU.Deploy.0 = Release|Any CPU
		{CDE753B8-D8F5-4D5C-AF16-94D4A197DE4D}.Ad-Hoc|ARM.ActiveCfg = Release|Any CPU
		{CDE753B8-D8F5-4D5C-AF16-94D4A197DE4D}.Ad-Hoc|ARM.Build.0 = Release|Any CPU
		{CDE753B8-D8F5-4D5C-AF16-94D4A197DE4D}.Ad-Hoc|ARM.Deploy.0 = Release|Any CPU
		{CDE753B8-D8F5-4D5C-AF16-94D4A197DE4D}.Ad-Hoc|iPhone.ActiveCfg = Release|Any CPU
		{CDE753B8-D8F5-4D5C-AF16-94D4A197DE4D}.Ad-Hoc|iPhone.Build.0 = Release|Any CPU
		{CDE753B8-D8F5-4D5C-AF16-94D4A197DE4D}.Ad-Hoc|iPhone.Deploy.0 = Release|Any CPU
		{CDE753B8-D8F5-4D5C-AF16-94D4A197DE4D}.Ad-Hoc|iPhoneSimulator.ActiveCfg = Release|Any CPU
		{CDE753B8-D8F5-4D5C-AF16-94D4A197DE4D}.Ad-Hoc|iPhoneSimulator.Build.0 = Release|Any CPU
		{CDE753B8-D8F5-4D5C-AF16-94D4A197DE4D}.Ad-Hoc|iPhoneSimulator.Deploy.0 = Release|Any CPU
		{CDE753B8-D8F5-4D5C-AF16-94D4A197DE4D}.Ad-Hoc|x64.ActiveCfg = Release|Any CPU
		{CDE753B8-D8F5-4D5C-AF16-94D4A197DE4D}.Ad-Hoc|x64.Build.0 = Release|Any CPU
		{CDE753B8-D8F5-4D5C-AF16-94D4A197DE4D}.Ad-Hoc|x64.Deploy.0 = Release|Any CPU
		{CDE753B8-D8F5-4D5C-AF16-94D4A197DE4D}.Ad-Hoc|x86.ActiveCfg = Release|Any CPU
		{CDE753B8-D8F5-4D5C-AF16-94D4A197DE4D}.Ad-Hoc|x86.Build.0 = Release|Any CPU
		{CDE753B8-D8F5-4D5C-AF16-94D4A197DE4D}.Ad-Hoc|x86.Deploy.0 = Release|Any CPU
		{CDE753B8-D8F5-4D5C-AF16-94D4A197DE4D}.AppStore|Any CPU.ActiveCfg = Release|Any CPU
		{CDE753B8-D8F5-4D5C-AF16-94D4A197DE4D}.AppStore|Any CPU.Build.0 = Release|Any CPU
		{CDE753B8-D8F5-4D5C-AF16-94D4A197DE4D}.AppStore|Any CPU.Deploy.0 = Release|Any CPU
		{CDE753B8-D8F5-4D5C-AF16-94D4A197DE4D}.AppStore|ARM.ActiveCfg = Release|Any CPU
		{CDE753B8-D8F5-4D5C-AF16-94D4A197DE4D}.AppStore|ARM.Build.0 = Release|Any CPU
		{CDE753B8-D8F5-4D5C-AF16-94D4A197DE4D}.AppStore|ARM.Deploy.0 = Release|Any CPU
		{CDE753B8-D8F5-4D5C-AF16-94D4A197DE4D}.AppStore|iPhone.ActiveCfg = Release|Any CPU
		{CDE753B8-D8F5-4D5C-AF16-94D4A197DE4D}.AppStore|iPhone.Build.0 = Release|Any CPU
		{CDE753B8-D8F5-4D5C-AF16-94D4A197DE4D}.AppStore|iPhone.Deploy.0 = Release|Any CPU
		{CDE753B8-D8F5-4D5C-AF16-94D4A197DE4D}.AppStore|iPhoneSimulator.ActiveCfg = Release|Any CPU
		{CDE753B8-D8F5-4D5C-AF16-94D4A197DE4D}.AppStore|iPhoneSimulator.Build.0 = Release|Any CPU
		{CDE753B8-D8F5-4D5C-AF16-94D4A197DE4D}.AppStore|iPhoneSimulator.Deploy.0 = Release|Any CPU
		{CDE753B8-D8F5-4D5C-AF16-94D4A197DE4D}.AppStore|x64.ActiveCfg = Release|Any CPU
		{CDE753B8-D8F5-4D5C-AF16-94D4A197DE4D}.AppStore|x64.Build.0 = Release|Any CPU
		{CDE753B8-D8F5-4D5C-AF16-94D4A197DE4D}.AppStore|x64.Deploy.0 = Release|Any CPU
		{CDE753B8-D8F5-4D5C-AF16-94D4A197DE4D}.AppStore|x86.ActiveCfg = Release|Any CPU
		{CDE753B8-D8F5-4D5C-AF16-94D4A197DE4D}.AppStore|x86.Build.0 = Release|Any CPU
		{CDE753B8-D8F5-4D5C-AF16-94D4A197DE4D}.AppStore|x86.Deploy.0 = Release|Any CPU
		{CDE753B8-D8F5-4D5C-AF16-94D4A197DE4D}.Debug|Any CPU.ActiveCfg = Debug|Any CPU
		{CDE753B8-D8F5-4D5C-AF16-94D4A197DE4D}.Debug|Any CPU.Build.0 = Debug|Any CPU
		{CDE753B8-D8F5-4D5C-AF16-94D4A197DE4D}.Debug|Any CPU.Deploy.0 = Debug|Any CPU
		{CDE753B8-D8F5-4D5C-AF16-94D4A197DE4D}.Debug|ARM.ActiveCfg = Debug|Any CPU
		{CDE753B8-D8F5-4D5C-AF16-94D4A197DE4D}.Debug|ARM.Build.0 = Debug|Any CPU
		{CDE753B8-D8F5-4D5C-AF16-94D4A197DE4D}.Debug|ARM.Deploy.0 = Debug|Any CPU
		{CDE753B8-D8F5-4D5C-AF16-94D4A197DE4D}.Debug|iPhone.ActiveCfg = Debug|Any CPU
		{CDE753B8-D8F5-4D5C-AF16-94D4A197DE4D}.Debug|iPhone.Build.0 = Debug|Any CPU
		{CDE753B8-D8F5-4D5C-AF16-94D4A197DE4D}.Debug|iPhone.Deploy.0 = Debug|Any CPU
		{CDE753B8-D8F5-4D5C-AF16-94D4A197DE4D}.Debug|iPhoneSimulator.ActiveCfg = Debug|Any CPU
		{CDE753B8-D8F5-4D5C-AF16-94D4A197DE4D}.Debug|iPhoneSimulator.Build.0 = Debug|Any CPU
		{CDE753B8-D8F5-4D5C-AF16-94D4A197DE4D}.Debug|iPhoneSimulator.Deploy.0 = Debug|Any CPU
		{CDE753B8-D8F5-4D5C-AF16-94D4A197DE4D}.Debug|x64.ActiveCfg = Debug|Any CPU
		{CDE753B8-D8F5-4D5C-AF16-94D4A197DE4D}.Debug|x64.Build.0 = Debug|Any CPU
		{CDE753B8-D8F5-4D5C-AF16-94D4A197DE4D}.Debug|x64.Deploy.0 = Debug|Any CPU
		{CDE753B8-D8F5-4D5C-AF16-94D4A197DE4D}.Debug|x86.ActiveCfg = Debug|Any CPU
		{CDE753B8-D8F5-4D5C-AF16-94D4A197DE4D}.Debug|x86.Build.0 = Debug|Any CPU
		{CDE753B8-D8F5-4D5C-AF16-94D4A197DE4D}.Debug|x86.Deploy.0 = Debug|Any CPU
		{CDE753B8-D8F5-4D5C-AF16-94D4A197DE4D}.Release|Any CPU.ActiveCfg = Release|Any CPU
		{CDE753B8-D8F5-4D5C-AF16-94D4A197DE4D}.Release|Any CPU.Build.0 = Release|Any CPU
		{CDE753B8-D8F5-4D5C-AF16-94D4A197DE4D}.Release|Any CPU.Deploy.0 = Release|Any CPU
		{CDE753B8-D8F5-4D5C-AF16-94D4A197DE4D}.Release|ARM.ActiveCfg = Release|Any CPU
		{CDE753B8-D8F5-4D5C-AF16-94D4A197DE4D}.Release|ARM.Build.0 = Release|Any CPU
		{CDE753B8-D8F5-4D5C-AF16-94D4A197DE4D}.Release|ARM.Deploy.0 = Release|Any CPU
		{CDE753B8-D8F5-4D5C-AF16-94D4A197DE4D}.Release|iPhone.ActiveCfg = Release|Any CPU
		{CDE753B8-D8F5-4D5C-AF16-94D4A197DE4D}.Release|iPhone.Build.0 = Release|Any CPU
		{CDE753B8-D8F5-4D5C-AF16-94D4A197DE4D}.Release|iPhone.Deploy.0 = Release|Any CPU
		{CDE753B8-D8F5-4D5C-AF16-94D4A197DE4D}.Release|iPhoneSimulator.ActiveCfg = Release|Any CPU
		{CDE753B8-D8F5-4D5C-AF16-94D4A197DE4D}.Release|iPhoneSimulator.Build.0 = Release|Any CPU
		{CDE753B8-D8F5-4D5C-AF16-94D4A197DE4D}.Release|iPhoneSimulator.Deploy.0 = Release|Any CPU
		{CDE753B8-D8F5-4D5C-AF16-94D4A197DE4D}.Release|x64.ActiveCfg = Release|Any CPU
		{CDE753B8-D8F5-4D5C-AF16-94D4A197DE4D}.Release|x64.Build.0 = Release|Any CPU
		{CDE753B8-D8F5-4D5C-AF16-94D4A197DE4D}.Release|x64.Deploy.0 = Release|Any CPU
		{CDE753B8-D8F5-4D5C-AF16-94D4A197DE4D}.Release|x86.ActiveCfg = Release|Any CPU
		{CDE753B8-D8F5-4D5C-AF16-94D4A197DE4D}.Release|x86.Build.0 = Release|Any CPU
		{CDE753B8-D8F5-4D5C-AF16-94D4A197DE4D}.Release|x86.Deploy.0 = Release|Any CPU
		{7B07212D-D4CB-405C-9877-9244B3F16372}.Ad-Hoc|Any CPU.ActiveCfg = Ad-Hoc|iPhone
		{7B07212D-D4CB-405C-9877-9244B3F16372}.Ad-Hoc|ARM.ActiveCfg = Ad-Hoc|iPhone
		{7B07212D-D4CB-405C-9877-9244B3F16372}.Ad-Hoc|iPhone.ActiveCfg = Ad-Hoc|iPhone
		{7B07212D-D4CB-405C-9877-9244B3F16372}.Ad-Hoc|iPhone.Build.0 = Ad-Hoc|iPhone
		{7B07212D-D4CB-405C-9877-9244B3F16372}.Ad-Hoc|iPhoneSimulator.ActiveCfg = Ad-Hoc|iPhoneSimulator
		{7B07212D-D4CB-405C-9877-9244B3F16372}.Ad-Hoc|iPhoneSimulator.Build.0 = Ad-Hoc|iPhoneSimulator
		{7B07212D-D4CB-405C-9877-9244B3F16372}.Ad-Hoc|x64.ActiveCfg = Ad-Hoc|iPhone
		{7B07212D-D4CB-405C-9877-9244B3F16372}.Ad-Hoc|x86.ActiveCfg = Ad-Hoc|iPhone
		{7B07212D-D4CB-405C-9877-9244B3F16372}.AppStore|Any CPU.ActiveCfg = AppStore|iPhone
		{7B07212D-D4CB-405C-9877-9244B3F16372}.AppStore|ARM.ActiveCfg = AppStore|iPhone
		{7B07212D-D4CB-405C-9877-9244B3F16372}.AppStore|iPhone.ActiveCfg = AppStore|iPhone
		{7B07212D-D4CB-405C-9877-9244B3F16372}.AppStore|iPhone.Build.0 = AppStore|iPhone
		{7B07212D-D4CB-405C-9877-9244B3F16372}.AppStore|iPhoneSimulator.ActiveCfg = AppStore|iPhoneSimulator
		{7B07212D-D4CB-405C-9877-9244B3F16372}.AppStore|iPhoneSimulator.Build.0 = AppStore|iPhoneSimulator
		{7B07212D-D4CB-405C-9877-9244B3F16372}.AppStore|x64.ActiveCfg = AppStore|iPhone
		{7B07212D-D4CB-405C-9877-9244B3F16372}.AppStore|x86.ActiveCfg = AppStore|iPhone
		{7B07212D-D4CB-405C-9877-9244B3F16372}.Debug|Any CPU.ActiveCfg = Debug|iPhone
		{7B07212D-D4CB-405C-9877-9244B3F16372}.Debug|ARM.ActiveCfg = Debug|iPhone
		{7B07212D-D4CB-405C-9877-9244B3F16372}.Debug|iPhone.ActiveCfg = Debug|iPhone
		{7B07212D-D4CB-405C-9877-9244B3F16372}.Debug|iPhone.Build.0 = Debug|iPhone
		{7B07212D-D4CB-405C-9877-9244B3F16372}.Debug|iPhoneSimulator.ActiveCfg = Debug|iPhoneSimulator
		{7B07212D-D4CB-405C-9877-9244B3F16372}.Debug|iPhoneSimulator.Build.0 = Debug|iPhoneSimulator
		{7B07212D-D4CB-405C-9877-9244B3F16372}.Debug|x64.ActiveCfg = Debug|iPhone
		{7B07212D-D4CB-405C-9877-9244B3F16372}.Debug|x86.ActiveCfg = Debug|iPhone
		{7B07212D-D4CB-405C-9877-9244B3F16372}.Release|Any CPU.ActiveCfg = Release|iPhone
		{7B07212D-D4CB-405C-9877-9244B3F16372}.Release|ARM.ActiveCfg = Release|iPhone
		{7B07212D-D4CB-405C-9877-9244B3F16372}.Release|iPhone.ActiveCfg = Release|iPhone
		{7B07212D-D4CB-405C-9877-9244B3F16372}.Release|iPhone.Build.0 = Release|iPhone
		{7B07212D-D4CB-405C-9877-9244B3F16372}.Release|iPhoneSimulator.ActiveCfg = Release|iPhoneSimulator
		{7B07212D-D4CB-405C-9877-9244B3F16372}.Release|iPhoneSimulator.Build.0 = Release|iPhoneSimulator
		{7B07212D-D4CB-405C-9877-9244B3F16372}.Release|x64.ActiveCfg = Release|iPhone
		{7B07212D-D4CB-405C-9877-9244B3F16372}.Release|x86.ActiveCfg = Release|iPhone
		{7FC133EC-ED5C-4AA3-82A3-2F7ED0A96C8B}.Ad-Hoc|Any CPU.ActiveCfg = Release|Any CPU
		{7FC133EC-ED5C-4AA3-82A3-2F7ED0A96C8B}.Ad-Hoc|Any CPU.Build.0 = Release|Any CPU
		{7FC133EC-ED5C-4AA3-82A3-2F7ED0A96C8B}.Ad-Hoc|Any CPU.Deploy.0 = Release|Any CPU
		{7FC133EC-ED5C-4AA3-82A3-2F7ED0A96C8B}.Ad-Hoc|ARM.ActiveCfg = Release|ARM
		{7FC133EC-ED5C-4AA3-82A3-2F7ED0A96C8B}.Ad-Hoc|ARM.Build.0 = Release|ARM
		{7FC133EC-ED5C-4AA3-82A3-2F7ED0A96C8B}.Ad-Hoc|ARM.Deploy.0 = Release|ARM
		{7FC133EC-ED5C-4AA3-82A3-2F7ED0A96C8B}.Ad-Hoc|iPhone.ActiveCfg = Release|Any CPU
		{7FC133EC-ED5C-4AA3-82A3-2F7ED0A96C8B}.Ad-Hoc|iPhone.Build.0 = Release|Any CPU
		{7FC133EC-ED5C-4AA3-82A3-2F7ED0A96C8B}.Ad-Hoc|iPhone.Deploy.0 = Release|Any CPU
		{7FC133EC-ED5C-4AA3-82A3-2F7ED0A96C8B}.Ad-Hoc|iPhoneSimulator.ActiveCfg = Release|Any CPU
		{7FC133EC-ED5C-4AA3-82A3-2F7ED0A96C8B}.Ad-Hoc|iPhoneSimulator.Build.0 = Release|Any CPU
		{7FC133EC-ED5C-4AA3-82A3-2F7ED0A96C8B}.Ad-Hoc|iPhoneSimulator.Deploy.0 = Release|Any CPU
		{7FC133EC-ED5C-4AA3-82A3-2F7ED0A96C8B}.Ad-Hoc|x64.ActiveCfg = Release|Any CPU
		{7FC133EC-ED5C-4AA3-82A3-2F7ED0A96C8B}.Ad-Hoc|x64.Build.0 = Release|Any CPU
		{7FC133EC-ED5C-4AA3-82A3-2F7ED0A96C8B}.Ad-Hoc|x64.Deploy.0 = Release|Any CPU
		{7FC133EC-ED5C-4AA3-82A3-2F7ED0A96C8B}.Ad-Hoc|x86.ActiveCfg = Release|x86
		{7FC133EC-ED5C-4AA3-82A3-2F7ED0A96C8B}.Ad-Hoc|x86.Build.0 = Release|x86
		{7FC133EC-ED5C-4AA3-82A3-2F7ED0A96C8B}.Ad-Hoc|x86.Deploy.0 = Release|x86
		{7FC133EC-ED5C-4AA3-82A3-2F7ED0A96C8B}.AppStore|Any CPU.ActiveCfg = Release|Any CPU
		{7FC133EC-ED5C-4AA3-82A3-2F7ED0A96C8B}.AppStore|Any CPU.Build.0 = Release|Any CPU
		{7FC133EC-ED5C-4AA3-82A3-2F7ED0A96C8B}.AppStore|Any CPU.Deploy.0 = Release|Any CPU
		{7FC133EC-ED5C-4AA3-82A3-2F7ED0A96C8B}.AppStore|ARM.ActiveCfg = Release|ARM
		{7FC133EC-ED5C-4AA3-82A3-2F7ED0A96C8B}.AppStore|ARM.Build.0 = Release|ARM
		{7FC133EC-ED5C-4AA3-82A3-2F7ED0A96C8B}.AppStore|ARM.Deploy.0 = Release|ARM
		{7FC133EC-ED5C-4AA3-82A3-2F7ED0A96C8B}.AppStore|iPhone.ActiveCfg = Release|Any CPU
		{7FC133EC-ED5C-4AA3-82A3-2F7ED0A96C8B}.AppStore|iPhone.Build.0 = Release|Any CPU
		{7FC133EC-ED5C-4AA3-82A3-2F7ED0A96C8B}.AppStore|iPhone.Deploy.0 = Release|Any CPU
		{7FC133EC-ED5C-4AA3-82A3-2F7ED0A96C8B}.AppStore|iPhoneSimulator.ActiveCfg = Release|Any CPU
		{7FC133EC-ED5C-4AA3-82A3-2F7ED0A96C8B}.AppStore|iPhoneSimulator.Build.0 = Release|Any CPU
		{7FC133EC-ED5C-4AA3-82A3-2F7ED0A96C8B}.AppStore|iPhoneSimulator.Deploy.0 = Release|Any CPU
		{7FC133EC-ED5C-4AA3-82A3-2F7ED0A96C8B}.AppStore|x64.ActiveCfg = Release|Any CPU
		{7FC133EC-ED5C-4AA3-82A3-2F7ED0A96C8B}.AppStore|x64.Build.0 = Release|Any CPU
		{7FC133EC-ED5C-4AA3-82A3-2F7ED0A96C8B}.AppStore|x64.Deploy.0 = Release|Any CPU
		{7FC133EC-ED5C-4AA3-82A3-2F7ED0A96C8B}.AppStore|x86.ActiveCfg = Release|x86
		{7FC133EC-ED5C-4AA3-82A3-2F7ED0A96C8B}.AppStore|x86.Build.0 = Release|x86
		{7FC133EC-ED5C-4AA3-82A3-2F7ED0A96C8B}.AppStore|x86.Deploy.0 = Release|x86
		{7FC133EC-ED5C-4AA3-82A3-2F7ED0A96C8B}.Debug|Any CPU.ActiveCfg = Debug|Any CPU
		{7FC133EC-ED5C-4AA3-82A3-2F7ED0A96C8B}.Debug|ARM.ActiveCfg = Debug|ARM
		{7FC133EC-ED5C-4AA3-82A3-2F7ED0A96C8B}.Debug|ARM.Build.0 = Debug|ARM
		{7FC133EC-ED5C-4AA3-82A3-2F7ED0A96C8B}.Debug|ARM.Deploy.0 = Debug|ARM
		{7FC133EC-ED5C-4AA3-82A3-2F7ED0A96C8B}.Debug|iPhone.ActiveCfg = Debug|Any CPU
		{7FC133EC-ED5C-4AA3-82A3-2F7ED0A96C8B}.Debug|iPhone.Build.0 = Debug|Any CPU
		{7FC133EC-ED5C-4AA3-82A3-2F7ED0A96C8B}.Debug|iPhone.Deploy.0 = Debug|Any CPU
		{7FC133EC-ED5C-4AA3-82A3-2F7ED0A96C8B}.Debug|iPhoneSimulator.ActiveCfg = Debug|Any CPU
		{7FC133EC-ED5C-4AA3-82A3-2F7ED0A96C8B}.Debug|iPhoneSimulator.Build.0 = Debug|Any CPU
		{7FC133EC-ED5C-4AA3-82A3-2F7ED0A96C8B}.Debug|iPhoneSimulator.Deploy.0 = Debug|Any CPU
		{7FC133EC-ED5C-4AA3-82A3-2F7ED0A96C8B}.Debug|x64.ActiveCfg = Debug|Any CPU
		{7FC133EC-ED5C-4AA3-82A3-2F7ED0A96C8B}.Debug|x64.Build.0 = Debug|Any CPU
		{7FC133EC-ED5C-4AA3-82A3-2F7ED0A96C8B}.Debug|x64.Deploy.0 = Debug|Any CPU
		{7FC133EC-ED5C-4AA3-82A3-2F7ED0A96C8B}.Debug|x86.ActiveCfg = Debug|x86
		{7FC133EC-ED5C-4AA3-82A3-2F7ED0A96C8B}.Debug|x86.Build.0 = Debug|x86
		{7FC133EC-ED5C-4AA3-82A3-2F7ED0A96C8B}.Debug|x86.Deploy.0 = Debug|x86
		{7FC133EC-ED5C-4AA3-82A3-2F7ED0A96C8B}.Release|Any CPU.ActiveCfg = Release|Any CPU
		{7FC133EC-ED5C-4AA3-82A3-2F7ED0A96C8B}.Release|Any CPU.Build.0 = Release|Any CPU
		{7FC133EC-ED5C-4AA3-82A3-2F7ED0A96C8B}.Release|Any CPU.Deploy.0 = Release|Any CPU
		{7FC133EC-ED5C-4AA3-82A3-2F7ED0A96C8B}.Release|ARM.ActiveCfg = Release|ARM
		{7FC133EC-ED5C-4AA3-82A3-2F7ED0A96C8B}.Release|ARM.Build.0 = Release|ARM
		{7FC133EC-ED5C-4AA3-82A3-2F7ED0A96C8B}.Release|ARM.Deploy.0 = Release|ARM
		{7FC133EC-ED5C-4AA3-82A3-2F7ED0A96C8B}.Release|iPhone.ActiveCfg = Release|Any CPU
		{7FC133EC-ED5C-4AA3-82A3-2F7ED0A96C8B}.Release|iPhone.Build.0 = Release|Any CPU
		{7FC133EC-ED5C-4AA3-82A3-2F7ED0A96C8B}.Release|iPhone.Deploy.0 = Release|Any CPU
		{7FC133EC-ED5C-4AA3-82A3-2F7ED0A96C8B}.Release|iPhoneSimulator.ActiveCfg = Release|Any CPU
		{7FC133EC-ED5C-4AA3-82A3-2F7ED0A96C8B}.Release|iPhoneSimulator.Build.0 = Release|Any CPU
		{7FC133EC-ED5C-4AA3-82A3-2F7ED0A96C8B}.Release|iPhoneSimulator.Deploy.0 = Release|Any CPU
		{7FC133EC-ED5C-4AA3-82A3-2F7ED0A96C8B}.Release|x64.ActiveCfg = Release|Any CPU
		{7FC133EC-ED5C-4AA3-82A3-2F7ED0A96C8B}.Release|x64.Build.0 = Release|Any CPU
		{7FC133EC-ED5C-4AA3-82A3-2F7ED0A96C8B}.Release|x64.Deploy.0 = Release|Any CPU
		{7FC133EC-ED5C-4AA3-82A3-2F7ED0A96C8B}.Release|x86.ActiveCfg = Release|x86
		{7FC133EC-ED5C-4AA3-82A3-2F7ED0A96C8B}.Release|x86.Build.0 = Release|x86
		{7FC133EC-ED5C-4AA3-82A3-2F7ED0A96C8B}.Release|x86.Deploy.0 = Release|x86
		{FBF2AB4D-FE7C-43F2-8119-DB9E16EC2CE3}.Ad-Hoc|Any CPU.ActiveCfg = Release|Any CPU
		{FBF2AB4D-FE7C-43F2-8119-DB9E16EC2CE3}.Ad-Hoc|Any CPU.Build.0 = Release|Any CPU
		{FBF2AB4D-FE7C-43F2-8119-DB9E16EC2CE3}.Ad-Hoc|Any CPU.Deploy.0 = Release|Any CPU
		{FBF2AB4D-FE7C-43F2-8119-DB9E16EC2CE3}.Ad-Hoc|ARM.ActiveCfg = Release|ARM
		{FBF2AB4D-FE7C-43F2-8119-DB9E16EC2CE3}.Ad-Hoc|ARM.Build.0 = Release|ARM
		{FBF2AB4D-FE7C-43F2-8119-DB9E16EC2CE3}.Ad-Hoc|ARM.Deploy.0 = Release|ARM
		{FBF2AB4D-FE7C-43F2-8119-DB9E16EC2CE3}.Ad-Hoc|iPhone.ActiveCfg = Release|Any CPU
		{FBF2AB4D-FE7C-43F2-8119-DB9E16EC2CE3}.Ad-Hoc|iPhone.Build.0 = Release|Any CPU
		{FBF2AB4D-FE7C-43F2-8119-DB9E16EC2CE3}.Ad-Hoc|iPhone.Deploy.0 = Release|Any CPU
		{FBF2AB4D-FE7C-43F2-8119-DB9E16EC2CE3}.Ad-Hoc|iPhoneSimulator.ActiveCfg = Release|Any CPU
		{FBF2AB4D-FE7C-43F2-8119-DB9E16EC2CE3}.Ad-Hoc|iPhoneSimulator.Build.0 = Release|Any CPU
		{FBF2AB4D-FE7C-43F2-8119-DB9E16EC2CE3}.Ad-Hoc|iPhoneSimulator.Deploy.0 = Release|Any CPU
		{FBF2AB4D-FE7C-43F2-8119-DB9E16EC2CE3}.Ad-Hoc|x64.ActiveCfg = Release|x64
		{FBF2AB4D-FE7C-43F2-8119-DB9E16EC2CE3}.Ad-Hoc|x64.Build.0 = Release|x64
		{FBF2AB4D-FE7C-43F2-8119-DB9E16EC2CE3}.Ad-Hoc|x64.Deploy.0 = Release|x64
		{FBF2AB4D-FE7C-43F2-8119-DB9E16EC2CE3}.Ad-Hoc|x86.ActiveCfg = Release|x86
		{FBF2AB4D-FE7C-43F2-8119-DB9E16EC2CE3}.Ad-Hoc|x86.Build.0 = Release|x86
		{FBF2AB4D-FE7C-43F2-8119-DB9E16EC2CE3}.Ad-Hoc|x86.Deploy.0 = Release|x86
		{FBF2AB4D-FE7C-43F2-8119-DB9E16EC2CE3}.AppStore|Any CPU.ActiveCfg = Release|Any CPU
		{FBF2AB4D-FE7C-43F2-8119-DB9E16EC2CE3}.AppStore|Any CPU.Build.0 = Release|Any CPU
		{FBF2AB4D-FE7C-43F2-8119-DB9E16EC2CE3}.AppStore|Any CPU.Deploy.0 = Release|Any CPU
		{FBF2AB4D-FE7C-43F2-8119-DB9E16EC2CE3}.AppStore|ARM.ActiveCfg = Release|ARM
		{FBF2AB4D-FE7C-43F2-8119-DB9E16EC2CE3}.AppStore|ARM.Build.0 = Release|ARM
		{FBF2AB4D-FE7C-43F2-8119-DB9E16EC2CE3}.AppStore|ARM.Deploy.0 = Release|ARM
		{FBF2AB4D-FE7C-43F2-8119-DB9E16EC2CE3}.AppStore|iPhone.ActiveCfg = Release|Any CPU
		{FBF2AB4D-FE7C-43F2-8119-DB9E16EC2CE3}.AppStore|iPhone.Build.0 = Release|Any CPU
		{FBF2AB4D-FE7C-43F2-8119-DB9E16EC2CE3}.AppStore|iPhone.Deploy.0 = Release|Any CPU
		{FBF2AB4D-FE7C-43F2-8119-DB9E16EC2CE3}.AppStore|iPhoneSimulator.ActiveCfg = Release|Any CPU
		{FBF2AB4D-FE7C-43F2-8119-DB9E16EC2CE3}.AppStore|iPhoneSimulator.Build.0 = Release|Any CPU
		{FBF2AB4D-FE7C-43F2-8119-DB9E16EC2CE3}.AppStore|iPhoneSimulator.Deploy.0 = Release|Any CPU
		{FBF2AB4D-FE7C-43F2-8119-DB9E16EC2CE3}.AppStore|x64.ActiveCfg = Release|x64
		{FBF2AB4D-FE7C-43F2-8119-DB9E16EC2CE3}.AppStore|x64.Build.0 = Release|x64
		{FBF2AB4D-FE7C-43F2-8119-DB9E16EC2CE3}.AppStore|x64.Deploy.0 = Release|x64
		{FBF2AB4D-FE7C-43F2-8119-DB9E16EC2CE3}.AppStore|x86.ActiveCfg = Release|x86
		{FBF2AB4D-FE7C-43F2-8119-DB9E16EC2CE3}.AppStore|x86.Build.0 = Release|x86
		{FBF2AB4D-FE7C-43F2-8119-DB9E16EC2CE3}.AppStore|x86.Deploy.0 = Release|x86
		{FBF2AB4D-FE7C-43F2-8119-DB9E16EC2CE3}.Debug|Any CPU.ActiveCfg = Debug|Any CPU
		{FBF2AB4D-FE7C-43F2-8119-DB9E16EC2CE3}.Debug|ARM.ActiveCfg = Debug|ARM
		{FBF2AB4D-FE7C-43F2-8119-DB9E16EC2CE3}.Debug|ARM.Build.0 = Debug|ARM
		{FBF2AB4D-FE7C-43F2-8119-DB9E16EC2CE3}.Debug|ARM.Deploy.0 = Debug|ARM
		{FBF2AB4D-FE7C-43F2-8119-DB9E16EC2CE3}.Debug|iPhone.ActiveCfg = Debug|Any CPU
		{FBF2AB4D-FE7C-43F2-8119-DB9E16EC2CE3}.Debug|iPhone.Build.0 = Debug|Any CPU
		{FBF2AB4D-FE7C-43F2-8119-DB9E16EC2CE3}.Debug|iPhone.Deploy.0 = Debug|Any CPU
		{FBF2AB4D-FE7C-43F2-8119-DB9E16EC2CE3}.Debug|iPhoneSimulator.ActiveCfg = Debug|Any CPU
		{FBF2AB4D-FE7C-43F2-8119-DB9E16EC2CE3}.Debug|iPhoneSimulator.Build.0 = Debug|Any CPU
		{FBF2AB4D-FE7C-43F2-8119-DB9E16EC2CE3}.Debug|iPhoneSimulator.Deploy.0 = Debug|Any CPU
		{FBF2AB4D-FE7C-43F2-8119-DB9E16EC2CE3}.Debug|x64.ActiveCfg = Debug|x64
		{FBF2AB4D-FE7C-43F2-8119-DB9E16EC2CE3}.Debug|x64.Build.0 = Debug|x64
		{FBF2AB4D-FE7C-43F2-8119-DB9E16EC2CE3}.Debug|x64.Deploy.0 = Debug|x64
		{FBF2AB4D-FE7C-43F2-8119-DB9E16EC2CE3}.Debug|x86.ActiveCfg = Debug|x86
		{FBF2AB4D-FE7C-43F2-8119-DB9E16EC2CE3}.Debug|x86.Build.0 = Debug|x86
		{FBF2AB4D-FE7C-43F2-8119-DB9E16EC2CE3}.Debug|x86.Deploy.0 = Debug|x86
		{FBF2AB4D-FE7C-43F2-8119-DB9E16EC2CE3}.Release|Any CPU.ActiveCfg = Release|Any CPU
		{FBF2AB4D-FE7C-43F2-8119-DB9E16EC2CE3}.Release|Any CPU.Build.0 = Release|Any CPU
		{FBF2AB4D-FE7C-43F2-8119-DB9E16EC2CE3}.Release|Any CPU.Deploy.0 = Release|Any CPU
		{FBF2AB4D-FE7C-43F2-8119-DB9E16EC2CE3}.Release|ARM.ActiveCfg = Release|ARM
		{FBF2AB4D-FE7C-43F2-8119-DB9E16EC2CE3}.Release|ARM.Build.0 = Release|ARM
		{FBF2AB4D-FE7C-43F2-8119-DB9E16EC2CE3}.Release|ARM.Deploy.0 = Release|ARM
		{FBF2AB4D-FE7C-43F2-8119-DB9E16EC2CE3}.Release|iPhone.ActiveCfg = Release|Any CPU
		{FBF2AB4D-FE7C-43F2-8119-DB9E16EC2CE3}.Release|iPhone.Build.0 = Release|Any CPU
		{FBF2AB4D-FE7C-43F2-8119-DB9E16EC2CE3}.Release|iPhone.Deploy.0 = Release|Any CPU
		{FBF2AB4D-FE7C-43F2-8119-DB9E16EC2CE3}.Release|iPhoneSimulator.ActiveCfg = Release|Any CPU
		{FBF2AB4D-FE7C-43F2-8119-DB9E16EC2CE3}.Release|iPhoneSimulator.Build.0 = Release|Any CPU
		{FBF2AB4D-FE7C-43F2-8119-DB9E16EC2CE3}.Release|iPhoneSimulator.Deploy.0 = Release|Any CPU
		{FBF2AB4D-FE7C-43F2-8119-DB9E16EC2CE3}.Release|x64.ActiveCfg = Release|x64
		{FBF2AB4D-FE7C-43F2-8119-DB9E16EC2CE3}.Release|x64.Build.0 = Release|x64
		{FBF2AB4D-FE7C-43F2-8119-DB9E16EC2CE3}.Release|x64.Deploy.0 = Release|x64
		{FBF2AB4D-FE7C-43F2-8119-DB9E16EC2CE3}.Release|x86.ActiveCfg = Release|x86
		{FBF2AB4D-FE7C-43F2-8119-DB9E16EC2CE3}.Release|x86.Build.0 = Release|x86
		{FBF2AB4D-FE7C-43F2-8119-DB9E16EC2CE3}.Release|x86.Deploy.0 = Release|x86
		{67F9D3A8-F71E-4428-913F-C37AE82CDB24}.Ad-Hoc|Any CPU.ActiveCfg = Release|Any CPU
		{67F9D3A8-F71E-4428-913F-C37AE82CDB24}.Ad-Hoc|Any CPU.Build.0 = Release|Any CPU
		{67F9D3A8-F71E-4428-913F-C37AE82CDB24}.Ad-Hoc|ARM.ActiveCfg = Release|Any CPU
		{67F9D3A8-F71E-4428-913F-C37AE82CDB24}.Ad-Hoc|ARM.Build.0 = Release|Any CPU
		{67F9D3A8-F71E-4428-913F-C37AE82CDB24}.Ad-Hoc|iPhone.ActiveCfg = Release|Any CPU
		{67F9D3A8-F71E-4428-913F-C37AE82CDB24}.Ad-Hoc|iPhone.Build.0 = Release|Any CPU
		{67F9D3A8-F71E-4428-913F-C37AE82CDB24}.Ad-Hoc|iPhoneSimulator.ActiveCfg = Release|Any CPU
		{67F9D3A8-F71E-4428-913F-C37AE82CDB24}.Ad-Hoc|iPhoneSimulator.Build.0 = Release|Any CPU
		{67F9D3A8-F71E-4428-913F-C37AE82CDB24}.Ad-Hoc|x64.ActiveCfg = Release|Any CPU
		{67F9D3A8-F71E-4428-913F-C37AE82CDB24}.Ad-Hoc|x64.Build.0 = Release|Any CPU
		{67F9D3A8-F71E-4428-913F-C37AE82CDB24}.Ad-Hoc|x86.ActiveCfg = Release|Any CPU
		{67F9D3A8-F71E-4428-913F-C37AE82CDB24}.Ad-Hoc|x86.Build.0 = Release|Any CPU
		{67F9D3A8-F71E-4428-913F-C37AE82CDB24}.AppStore|Any CPU.ActiveCfg = Release|Any CPU
		{67F9D3A8-F71E-4428-913F-C37AE82CDB24}.AppStore|Any CPU.Build.0 = Release|Any CPU
		{67F9D3A8-F71E-4428-913F-C37AE82CDB24}.AppStore|ARM.ActiveCfg = Release|Any CPU
		{67F9D3A8-F71E-4428-913F-C37AE82CDB24}.AppStore|ARM.Build.0 = Release|Any CPU
		{67F9D3A8-F71E-4428-913F-C37AE82CDB24}.AppStore|iPhone.ActiveCfg = Release|Any CPU
		{67F9D3A8-F71E-4428-913F-C37AE82CDB24}.AppStore|iPhone.Build.0 = Release|Any CPU
		{67F9D3A8-F71E-4428-913F-C37AE82CDB24}.AppStore|iPhoneSimulator.ActiveCfg = Release|Any CPU
		{67F9D3A8-F71E-4428-913F-C37AE82CDB24}.AppStore|iPhoneSimulator.Build.0 = Release|Any CPU
		{67F9D3A8-F71E-4428-913F-C37AE82CDB24}.AppStore|x64.ActiveCfg = Release|Any CPU
		{67F9D3A8-F71E-4428-913F-C37AE82CDB24}.AppStore|x64.Build.0 = Release|Any CPU
		{67F9D3A8-F71E-4428-913F-C37AE82CDB24}.AppStore|x86.ActiveCfg = Release|Any CPU
		{67F9D3A8-F71E-4428-913F-C37AE82CDB24}.AppStore|x86.Build.0 = Release|Any CPU
		{67F9D3A8-F71E-4428-913F-C37AE82CDB24}.Debug|Any CPU.ActiveCfg = Debug|Any CPU
		{67F9D3A8-F71E-4428-913F-C37AE82CDB24}.Debug|Any CPU.Build.0 = Debug|Any CPU
		{67F9D3A8-F71E-4428-913F-C37AE82CDB24}.Debug|ARM.ActiveCfg = Debug|Any CPU
		{67F9D3A8-F71E-4428-913F-C37AE82CDB24}.Debug|ARM.Build.0 = Debug|Any CPU
		{67F9D3A8-F71E-4428-913F-C37AE82CDB24}.Debug|iPhone.ActiveCfg = Debug|Any CPU
		{67F9D3A8-F71E-4428-913F-C37AE82CDB24}.Debug|iPhone.Build.0 = Debug|Any CPU
		{67F9D3A8-F71E-4428-913F-C37AE82CDB24}.Debug|iPhoneSimulator.ActiveCfg = Debug|Any CPU
		{67F9D3A8-F71E-4428-913F-C37AE82CDB24}.Debug|iPhoneSimulator.Build.0 = Debug|Any CPU
		{67F9D3A8-F71E-4428-913F-C37AE82CDB24}.Debug|x64.ActiveCfg = Debug|Any CPU
		{67F9D3A8-F71E-4428-913F-C37AE82CDB24}.Debug|x64.Build.0 = Debug|Any CPU
		{67F9D3A8-F71E-4428-913F-C37AE82CDB24}.Debug|x86.ActiveCfg = Debug|Any CPU
		{67F9D3A8-F71E-4428-913F-C37AE82CDB24}.Debug|x86.Build.0 = Debug|Any CPU
		{67F9D3A8-F71E-4428-913F-C37AE82CDB24}.Release|Any CPU.ActiveCfg = Release|Any CPU
		{67F9D3A8-F71E-4428-913F-C37AE82CDB24}.Release|Any CPU.Build.0 = Release|Any CPU
		{67F9D3A8-F71E-4428-913F-C37AE82CDB24}.Release|ARM.ActiveCfg = Release|Any CPU
		{67F9D3A8-F71E-4428-913F-C37AE82CDB24}.Release|ARM.Build.0 = Release|Any CPU
		{67F9D3A8-F71E-4428-913F-C37AE82CDB24}.Release|iPhone.ActiveCfg = Release|Any CPU
		{67F9D3A8-F71E-4428-913F-C37AE82CDB24}.Release|iPhone.Build.0 = Release|Any CPU
		{67F9D3A8-F71E-4428-913F-C37AE82CDB24}.Release|iPhoneSimulator.ActiveCfg = Release|Any CPU
		{67F9D3A8-F71E-4428-913F-C37AE82CDB24}.Release|iPhoneSimulator.Build.0 = Release|Any CPU
		{67F9D3A8-F71E-4428-913F-C37AE82CDB24}.Release|x64.ActiveCfg = Release|Any CPU
		{67F9D3A8-F71E-4428-913F-C37AE82CDB24}.Release|x64.Build.0 = Release|Any CPU
		{67F9D3A8-F71E-4428-913F-C37AE82CDB24}.Release|x86.ActiveCfg = Release|Any CPU
		{67F9D3A8-F71E-4428-913F-C37AE82CDB24}.Release|x86.Build.0 = Release|Any CPU
		{832C219D-E714-4C36-B1BC-2935A6475495}.Ad-Hoc|Any CPU.ActiveCfg = Release|Any CPU
		{832C219D-E714-4C36-B1BC-2935A6475495}.Ad-Hoc|Any CPU.Build.0 = Release|Any CPU
		{832C219D-E714-4C36-B1BC-2935A6475495}.Ad-Hoc|ARM.ActiveCfg = Release|Any CPU
		{832C219D-E714-4C36-B1BC-2935A6475495}.Ad-Hoc|ARM.Build.0 = Release|Any CPU
		{832C219D-E714-4C36-B1BC-2935A6475495}.Ad-Hoc|iPhone.ActiveCfg = Release|Any CPU
		{832C219D-E714-4C36-B1BC-2935A6475495}.Ad-Hoc|iPhone.Build.0 = Release|Any CPU
		{832C219D-E714-4C36-B1BC-2935A6475495}.Ad-Hoc|iPhoneSimulator.ActiveCfg = Release|Any CPU
		{832C219D-E714-4C36-B1BC-2935A6475495}.Ad-Hoc|iPhoneSimulator.Build.0 = Release|Any CPU
		{832C219D-E714-4C36-B1BC-2935A6475495}.Ad-Hoc|x64.ActiveCfg = Release|Any CPU
		{832C219D-E714-4C36-B1BC-2935A6475495}.Ad-Hoc|x64.Build.0 = Release|Any CPU
		{832C219D-E714-4C36-B1BC-2935A6475495}.Ad-Hoc|x86.ActiveCfg = Release|Any CPU
		{832C219D-E714-4C36-B1BC-2935A6475495}.Ad-Hoc|x86.Build.0 = Release|Any CPU
		{832C219D-E714-4C36-B1BC-2935A6475495}.AppStore|Any CPU.ActiveCfg = Release|Any CPU
		{832C219D-E714-4C36-B1BC-2935A6475495}.AppStore|Any CPU.Build.0 = Release|Any CPU
		{832C219D-E714-4C36-B1BC-2935A6475495}.AppStore|ARM.ActiveCfg = Release|Any CPU
		{832C219D-E714-4C36-B1BC-2935A6475495}.AppStore|ARM.Build.0 = Release|Any CPU
		{832C219D-E714-4C36-B1BC-2935A6475495}.AppStore|iPhone.ActiveCfg = Release|Any CPU
		{832C219D-E714-4C36-B1BC-2935A6475495}.AppStore|iPhone.Build.0 = Release|Any CPU
		{832C219D-E714-4C36-B1BC-2935A6475495}.AppStore|iPhoneSimulator.ActiveCfg = Release|Any CPU
		{832C219D-E714-4C36-B1BC-2935A6475495}.AppStore|iPhoneSimulator.Build.0 = Release|Any CPU
		{832C219D-E714-4C36-B1BC-2935A6475495}.AppStore|x64.ActiveCfg = Release|Any CPU
		{832C219D-E714-4C36-B1BC-2935A6475495}.AppStore|x64.Build.0 = Release|Any CPU
		{832C219D-E714-4C36-B1BC-2935A6475495}.AppStore|x86.ActiveCfg = Release|Any CPU
		{832C219D-E714-4C36-B1BC-2935A6475495}.AppStore|x86.Build.0 = Release|Any CPU
		{832C219D-E714-4C36-B1BC-2935A6475495}.Debug|Any CPU.ActiveCfg = Debug|Any CPU
		{832C219D-E714-4C36-B1BC-2935A6475495}.Debug|Any CPU.Build.0 = Debug|Any CPU
		{832C219D-E714-4C36-B1BC-2935A6475495}.Debug|ARM.ActiveCfg = Debug|Any CPU
		{832C219D-E714-4C36-B1BC-2935A6475495}.Debug|ARM.Build.0 = Debug|Any CPU
		{832C219D-E714-4C36-B1BC-2935A6475495}.Debug|iPhone.ActiveCfg = Debug|Any CPU
		{832C219D-E714-4C36-B1BC-2935A6475495}.Debug|iPhone.Build.0 = Debug|Any CPU
		{832C219D-E714-4C36-B1BC-2935A6475495}.Debug|iPhoneSimulator.ActiveCfg = Debug|Any CPU
		{832C219D-E714-4C36-B1BC-2935A6475495}.Debug|iPhoneSimulator.Build.0 = Debug|Any CPU
		{832C219D-E714-4C36-B1BC-2935A6475495}.Debug|x64.ActiveCfg = Debug|Any CPU
		{832C219D-E714-4C36-B1BC-2935A6475495}.Debug|x64.Build.0 = Debug|Any CPU
		{832C219D-E714-4C36-B1BC-2935A6475495}.Debug|x86.ActiveCfg = Debug|Any CPU
		{832C219D-E714-4C36-B1BC-2935A6475495}.Debug|x86.Build.0 = Debug|Any CPU
		{832C219D-E714-4C36-B1BC-2935A6475495}.Release|Any CPU.ActiveCfg = Release|Any CPU
		{832C219D-E714-4C36-B1BC-2935A6475495}.Release|Any CPU.Build.0 = Release|Any CPU
		{832C219D-E714-4C36-B1BC-2935A6475495}.Release|ARM.ActiveCfg = Release|Any CPU
		{832C219D-E714-4C36-B1BC-2935A6475495}.Release|ARM.Build.0 = Release|Any CPU
		{832C219D-E714-4C36-B1BC-2935A6475495}.Release|iPhone.ActiveCfg = Release|Any CPU
		{832C219D-E714-4C36-B1BC-2935A6475495}.Release|iPhone.Build.0 = Release|Any CPU
		{832C219D-E714-4C36-B1BC-2935A6475495}.Release|iPhoneSimulator.ActiveCfg = Release|Any CPU
		{832C219D-E714-4C36-B1BC-2935A6475495}.Release|iPhoneSimulator.Build.0 = Release|Any CPU
		{832C219D-E714-4C36-B1BC-2935A6475495}.Release|x64.ActiveCfg = Release|Any CPU
		{832C219D-E714-4C36-B1BC-2935A6475495}.Release|x64.Build.0 = Release|Any CPU
		{832C219D-E714-4C36-B1BC-2935A6475495}.Release|x86.ActiveCfg = Release|Any CPU
		{832C219D-E714-4C36-B1BC-2935A6475495}.Release|x86.Build.0 = Release|Any CPU
		{F4B11CA0-65EB-4E09-8F3A-04CD4635AD86}.Ad-Hoc|Any CPU.ActiveCfg = Release|Any CPU
		{F4B11CA0-65EB-4E09-8F3A-04CD4635AD86}.Ad-Hoc|Any CPU.Build.0 = Release|Any CPU
		{F4B11CA0-65EB-4E09-8F3A-04CD4635AD86}.Ad-Hoc|ARM.ActiveCfg = Release|Any CPU
		{F4B11CA0-65EB-4E09-8F3A-04CD4635AD86}.Ad-Hoc|ARM.Build.0 = Release|Any CPU
		{F4B11CA0-65EB-4E09-8F3A-04CD4635AD86}.Ad-Hoc|iPhone.ActiveCfg = Release|Any CPU
		{F4B11CA0-65EB-4E09-8F3A-04CD4635AD86}.Ad-Hoc|iPhone.Build.0 = Release|Any CPU
		{F4B11CA0-65EB-4E09-8F3A-04CD4635AD86}.Ad-Hoc|iPhoneSimulator.ActiveCfg = Release|Any CPU
		{F4B11CA0-65EB-4E09-8F3A-04CD4635AD86}.Ad-Hoc|iPhoneSimulator.Build.0 = Release|Any CPU
		{F4B11CA0-65EB-4E09-8F3A-04CD4635AD86}.Ad-Hoc|x64.ActiveCfg = Release|Any CPU
		{F4B11CA0-65EB-4E09-8F3A-04CD4635AD86}.Ad-Hoc|x64.Build.0 = Release|Any CPU
		{F4B11CA0-65EB-4E09-8F3A-04CD4635AD86}.Ad-Hoc|x86.ActiveCfg = Release|Any CPU
		{F4B11CA0-65EB-4E09-8F3A-04CD4635AD86}.Ad-Hoc|x86.Build.0 = Release|Any CPU
		{F4B11CA0-65EB-4E09-8F3A-04CD4635AD86}.AppStore|Any CPU.ActiveCfg = Release|Any CPU
		{F4B11CA0-65EB-4E09-8F3A-04CD4635AD86}.AppStore|Any CPU.Build.0 = Release|Any CPU
		{F4B11CA0-65EB-4E09-8F3A-04CD4635AD86}.AppStore|ARM.ActiveCfg = Release|Any CPU
		{F4B11CA0-65EB-4E09-8F3A-04CD4635AD86}.AppStore|ARM.Build.0 = Release|Any CPU
		{F4B11CA0-65EB-4E09-8F3A-04CD4635AD86}.AppStore|iPhone.ActiveCfg = Release|Any CPU
		{F4B11CA0-65EB-4E09-8F3A-04CD4635AD86}.AppStore|iPhone.Build.0 = Release|Any CPU
		{F4B11CA0-65EB-4E09-8F3A-04CD4635AD86}.AppStore|iPhoneSimulator.ActiveCfg = Release|Any CPU
		{F4B11CA0-65EB-4E09-8F3A-04CD4635AD86}.AppStore|iPhoneSimulator.Build.0 = Release|Any CPU
		{F4B11CA0-65EB-4E09-8F3A-04CD4635AD86}.AppStore|x64.ActiveCfg = Release|Any CPU
		{F4B11CA0-65EB-4E09-8F3A-04CD4635AD86}.AppStore|x64.Build.0 = Release|Any CPU
		{F4B11CA0-65EB-4E09-8F3A-04CD4635AD86}.AppStore|x86.ActiveCfg = Release|Any CPU
		{F4B11CA0-65EB-4E09-8F3A-04CD4635AD86}.AppStore|x86.Build.0 = Release|Any CPU
		{F4B11CA0-65EB-4E09-8F3A-04CD4635AD86}.Debug|Any CPU.ActiveCfg = Debug|Any CPU
		{F4B11CA0-65EB-4E09-8F3A-04CD4635AD86}.Debug|Any CPU.Build.0 = Debug|Any CPU
		{F4B11CA0-65EB-4E09-8F3A-04CD4635AD86}.Debug|ARM.ActiveCfg = Debug|Any CPU
		{F4B11CA0-65EB-4E09-8F3A-04CD4635AD86}.Debug|ARM.Build.0 = Debug|Any CPU
		{F4B11CA0-65EB-4E09-8F3A-04CD4635AD86}.Debug|iPhone.ActiveCfg = Debug|Any CPU
		{F4B11CA0-65EB-4E09-8F3A-04CD4635AD86}.Debug|iPhone.Build.0 = Debug|Any CPU
		{F4B11CA0-65EB-4E09-8F3A-04CD4635AD86}.Debug|iPhoneSimulator.ActiveCfg = Debug|Any CPU
		{F4B11CA0-65EB-4E09-8F3A-04CD4635AD86}.Debug|iPhoneSimulator.Build.0 = Debug|Any CPU
		{F4B11CA0-65EB-4E09-8F3A-04CD4635AD86}.Debug|x64.ActiveCfg = Debug|Any CPU
		{F4B11CA0-65EB-4E09-8F3A-04CD4635AD86}.Debug|x64.Build.0 = Debug|Any CPU
		{F4B11CA0-65EB-4E09-8F3A-04CD4635AD86}.Debug|x86.ActiveCfg = Debug|Any CPU
		{F4B11CA0-65EB-4E09-8F3A-04CD4635AD86}.Debug|x86.Build.0 = Debug|Any CPU
		{F4B11CA0-65EB-4E09-8F3A-04CD4635AD86}.Release|Any CPU.ActiveCfg = Release|Any CPU
		{F4B11CA0-65EB-4E09-8F3A-04CD4635AD86}.Release|Any CPU.Build.0 = Release|Any CPU
		{F4B11CA0-65EB-4E09-8F3A-04CD4635AD86}.Release|ARM.ActiveCfg = Release|Any CPU
		{F4B11CA0-65EB-4E09-8F3A-04CD4635AD86}.Release|ARM.Build.0 = Release|Any CPU
		{F4B11CA0-65EB-4E09-8F3A-04CD4635AD86}.Release|iPhone.ActiveCfg = Release|Any CPU
		{F4B11CA0-65EB-4E09-8F3A-04CD4635AD86}.Release|iPhone.Build.0 = Release|Any CPU
		{F4B11CA0-65EB-4E09-8F3A-04CD4635AD86}.Release|iPhoneSimulator.ActiveCfg = Release|Any CPU
		{F4B11CA0-65EB-4E09-8F3A-04CD4635AD86}.Release|iPhoneSimulator.Build.0 = Release|Any CPU
		{F4B11CA0-65EB-4E09-8F3A-04CD4635AD86}.Release|x64.ActiveCfg = Release|Any CPU
		{F4B11CA0-65EB-4E09-8F3A-04CD4635AD86}.Release|x64.Build.0 = Release|Any CPU
		{F4B11CA0-65EB-4E09-8F3A-04CD4635AD86}.Release|x86.ActiveCfg = Release|Any CPU
		{F4B11CA0-65EB-4E09-8F3A-04CD4635AD86}.Release|x86.Build.0 = Release|Any CPU
	EndGlobalSection
	GlobalSection(SolutionProperties) = preSolution
		HideSolutionNode = FALSE
	EndGlobalSection
EndGlobal
